{
    "_meta": {
        "hash": {
            "sha256": "985b981ba4b2ca4d9640c29f1b9c3f3232bdacb52d388446a935aad22b4e8b7a"
        },
        "pipfile-spec": 6,
        "requires": {
            "python_version": "3.10"
        },
        "sources": [
            {
                "name": "pypi",
                "url": "https://pypi.org/simple",
                "verify_ssl": true
            }
        ]
    },
    "default": {
        "attrs": {
            "hashes": [
                "sha256:935dc3b529c262f6cf76e50877d35a4bd3c1de194fd41f47a2b7ae8f19971f30",
                "sha256:99b87a485a5820b23b879f04c2305b44b951b502fd64be915879d77a7e8fc6f1"
            ],
            "markers": "python_version >= '3.7'",
            "version": "==23.2.0"
        },
        "colorama": {
            "hashes": [
                "sha256:08695f5cb7ed6e0531a20572697297273c47b8cae5a63ffc6d6ed5c201be6e44",
                "sha256:4f1d9991f5acc0ca119f9d443620b77f9d6b33703e51011c16baf57afb285fc6"
            ],
            "markers": "platform_system == 'Windows'",
            "version": "==0.4.6"
        },
        "fuzzysearch": {
            "hashes": [
                "sha256:1ed619f24303a41e59d33fc01bf959439df40b2bf096d00607eff7e0c5a26290",
                "sha256:261f65f12dd919e5c8b73da8a70ac4d46fa7a0de639529ffb36cc05b6bb5a6f4",
                "sha256:2e8c6d34b2687779288861ec5b67bdbc9a46659d731417960e281a3d8d713eae",
                "sha256:3e8f601d612781afb784bc177f7e860b0944ad703be8824d734f6cb2a72589ad",
                "sha256:3f60730060de44f534a0b3c33ddc4e06172dd0eea8a025c4da31a7b7aeb1fff2",
                "sha256:42c518fd174b37bc39ae6737025b7b8efb93b3746ea539d7784ca9718780f2b4",
                "sha256:46237a2b70c50ed1d01555af7e8d11c77446243dd3ccc58d6e4c1b76b8008d7b",
                "sha256:751143fb6b1b590e313a8350775c0edef3dc6a46409572f0c2ea0e9f9bea7b2a",
                "sha256:93a18d596df2af6419b5f705e5842e4e28752c4abb2a264e1bcdc2f302d7f377",
                "sha256:9f18ff4761bbe2d1efebdbc64041a42f788b27a2191839ebf7fd7c2ac34c55bd",
                "sha256:bbf3047d3ed3fd80b69d38c7a07fdef5c9738436249586095e27f32397c8ad2e",
                "sha256:d5a1b114ceee50a5e181b2fe1ac1b4371ac8db92142770a48fed49ecbc37ca4c",
                "sha256:de93de038e8bd50cfc05beb03d1543f6772ce93b52775ded778d04aa918accf8",
                "sha256:f3def5f55c90300ae1c4f3da830ff3ed8bf7827ace1e3cecff819c9de5f23aa7",
                "sha256:f88c3412f198b0252c6cfc640db636a0e47ad33fe7b6a3de907b77c748c7b1d2",
                "sha256:fba65a49444ec8a408f4e9a822ba26de34eb8755713b19d9fc642fe9b610d9ee"
            ],
            "index": "pypi",
            "version": "==0.7.3"
        },
        "loguru": {
            "hashes": [
                "sha256:066bd06758d0a513e9836fd9c6b5a75bfb3fd36841f4b996bc60b547a309d41c",
                "sha256:4e2414d534a2ab57573365b3e6d0234dfb1d84b68b7f3b948e6fb743860a77c3"
            ],
            "markers": "python_version >= '3.5'",
            "version": "==0.6.0"
        },
        "msgpack": {
            "hashes": [
                "sha256:00e073efcba9ea99db5acef3959efa45b52bc67b61b00823d2a1a6944bf45982",
                "sha256:0726c282d188e204281ebd8de31724b7d749adebc086873a59efb8cf7ae27df3",
                "sha256:0ceea77719d45c839fd73abcb190b8390412a890df2f83fb8cf49b2a4b5c2f40",
                "sha256:114be227f5213ef8b215c22dde19532f5da9652e56e8ce969bf0a26d7c419fee",
                "sha256:13577ec9e247f8741c84d06b9ece5f654920d8365a4b636ce0e44f15e07ec693",
                "sha256:1876b0b653a808fcd50123b953af170c535027bf1d053b59790eebb0aeb38950",
                "sha256:1ab0bbcd4d1f7b6991ee7c753655b481c50084294218de69365f8f1970d4c151",
                "sha256:1cce488457370ffd1f953846f82323cb6b2ad2190987cd4d70b2713e17268d24",
                "sha256:26ee97a8261e6e35885c2ecd2fd4a6d38252246f94a2aec23665a4e66d066305",
                "sha256:3528807cbbb7f315bb81959d5961855e7ba52aa60a3097151cb21956fbc7502b",
                "sha256:374a8e88ddab84b9ada695d255679fb99c53513c0a51778796fcf0944d6c789c",
                "sha256:376081f471a2ef24828b83a641a02c575d6103a3ad7fd7dade5486cad10ea659",
                "sha256:3923a1778f7e5ef31865893fdca12a8d7dc03a44b33e2a5f3295416314c09f5d",
                "sha256:4916727e31c28be8beaf11cf117d6f6f188dcc36daae4e851fee88646f5b6b18",
                "sha256:493c5c5e44b06d6c9268ce21b302c9ca055c1fd3484c25ba41d34476c76ee746",
                "sha256:505fe3d03856ac7d215dbe005414bc28505d26f0c128906037e66d98c4e95868",
                "sha256:5845fdf5e5d5b78a49b826fcdc0eb2e2aa7191980e3d2cfd2a30303a74f212e2",
                "sha256:5c330eace3dd100bdb54b5653b966de7f51c26ec4a7d4e87132d9b4f738220ba",
                "sha256:5dbf059fb4b7c240c873c1245ee112505be27497e90f7c6591261c7d3c3a8228",
                "sha256:5e390971d082dba073c05dbd56322427d3280b7cc8b53484c9377adfbae67dc2",
                "sha256:5fbb160554e319f7b22ecf530a80a3ff496d38e8e07ae763b9e82fadfe96f273",
                "sha256:64d0fcd436c5683fdd7c907eeae5e2cbb5eb872fafbc03a43609d7941840995c",
                "sha256:69284049d07fce531c17404fcba2bb1df472bc2dcdac642ae71a2d079d950653",
                "sha256:6a0e76621f6e1f908ae52860bdcb58e1ca85231a9b0545e64509c931dd34275a",
                "sha256:73ee792784d48aa338bba28063e19a27e8d989344f34aad14ea6e1b9bd83f596",
                "sha256:74398a4cf19de42e1498368c36eed45d9528f5fd0155241e82c4082b7e16cffd",
                "sha256:7938111ed1358f536daf311be244f34df7bf3cdedb3ed883787aca97778b28d8",
                "sha256:82d92c773fbc6942a7a8b520d22c11cfc8fd83bba86116bfcf962c2f5c2ecdaa",
                "sha256:83b5c044f3eff2a6534768ccfd50425939e7a8b5cf9a7261c385de1e20dcfc85",
                "sha256:8db8e423192303ed77cff4dce3a4b88dbfaf43979d280181558af5e2c3c71afc",
                "sha256:9517004e21664f2b5a5fd6333b0731b9cf0817403a941b393d89a2f1dc2bd836",
                "sha256:95c02b0e27e706e48d0e5426d1710ca78e0f0628d6e89d5b5a5b91a5f12274f3",
                "sha256:99881222f4a8c2f641f25703963a5cefb076adffd959e0558dc9f803a52d6a58",
                "sha256:9ee32dcb8e531adae1f1ca568822e9b3a738369b3b686d1477cbc643c4a9c128",
                "sha256:a22e47578b30a3e199ab067a4d43d790249b3c0587d9a771921f86250c8435db",
                "sha256:b5505774ea2a73a86ea176e8a9a4a7c8bf5d521050f0f6f8426afe798689243f",
                "sha256:bd739c9251d01e0279ce729e37b39d49a08c0420d3fee7f2a4968c0576678f77",
                "sha256:d16a786905034e7e34098634b184a7d81f91d4c3d246edc6bd7aefb2fd8ea6ad",
                "sha256:d3420522057ebab1728b21ad473aa950026d07cb09da41103f8e597dfbfaeb13",
                "sha256:d56fd9f1f1cdc8227d7b7918f55091349741904d9520c65f0139a9755952c9e8",
                "sha256:d661dc4785affa9d0edfdd1e59ec056a58b3dbb9f196fa43587f3ddac654ac7b",
                "sha256:dfe1f0f0ed5785c187144c46a292b8c34c1295c01da12e10ccddfc16def4448a",
                "sha256:e1dd7839443592d00e96db831eddb4111a2a81a46b028f0facd60a09ebbdd543",
                "sha256:e2872993e209f7ed04d963e4b4fbae72d034844ec66bc4ca403329db2074377b",
                "sha256:e2f879ab92ce502a1e65fce390eab619774dda6a6ff719718069ac94084098ce",
                "sha256:e3aa7e51d738e0ec0afbed661261513b38b3014754c9459508399baf14ae0c9d",
                "sha256:e532dbd6ddfe13946de050d7474e3f5fb6ec774fbb1a188aaf469b08cf04189a",
                "sha256:e6b7842518a63a9f17107eb176320960ec095a8ee3b4420b5f688e24bf50c53c",
                "sha256:e75753aeda0ddc4c28dce4c32ba2f6ec30b1b02f6c0b14e547841ba5b24f753f",
                "sha256:eadb9f826c138e6cf3c49d6f8de88225a3c0ab181a9b4ba792e006e5292d150e",
                "sha256:ed59dd52075f8fc91da6053b12e8c89e37aa043f8986efd89e61fae69dc1b011",
                "sha256:ef254a06bcea461e65ff0373d8a0dd1ed3aa004af48839f002a0c994a6f72d04",
                "sha256:f3709997b228685fe53e8c433e2df9f0cdb5f4542bd5114ed17ac3c0129b0480",
                "sha256:f51bab98d52739c50c56658cc303f190785f9a2cd97b823357e7aeae54c8f68a",
                "sha256:f9904e24646570539a8950400602d66d2b2c492b9010ea7e965025cb71d0c86d",
                "sha256:f9af38a89b6a5c04b7d18c492c8ccf2aee7048aff1ce8437c4683bb5a1df893d"
            ],
            "index": "pypi",
            "markers": "python_version >= '3.8'",
            "version": "==1.0.8"
        },
        "notify-py": {
            "hashes": [
                "sha256:16ee146d48f16bae5dad233db66014a387efd2c6ed2c4caf1e08aef432070513",
                "sha256:90da686b480bf05d033b21fb5118662bb7a4c68e68cb21d93a048ca7b867f9b4"
            ],
            "index": "pypi",
            "markers": "python_version >= '3.6' and python_version < '4.0'",
            "version": "==0.3.43"
        },
        "prompt-toolkit": {
            "hashes": [
                "sha256:0d7bfa67001d5e39d02c224b663abc33687405033a8c422d0d675a5a13361d10",
                "sha256:1e1b29cb58080b1e69f207c893a1a7bf16d127a5c30c9d17a25a5d77792e5360"
            ],
            "index": "pypi",
            "markers": "python_full_version >= '3.7.0'",
            "version": "==3.0.47"
        },
        "pyqt5": {
            "hashes": [
                "sha256:6cd75628f6e732b1ffcfe709ab833a0716c0445d7aec8046a48d5843352becb6",
                "sha256:76be0322ceda5deecd1708a8d628e698089a1cea80d1a49d242a6d579a40babd",
                "sha256:bdde598a3bb95022131a5c9ea62e0a96bd6fb28932cc1619fd7ba211531b7517",
                "sha256:c8b03dd9380bb13c804f0bdb0f4956067f281785b5e12303d529f0462f9afdc2",
                "sha256:cd672a6738d1ae33ef7d9efa8e6cb0a1525ecf53ec86da80a9e1b6ec38c8d0f1",
                "sha256:fda45743ebb4a27b4b1a51c6d8ef455c4c1b5d610c90d2934c7802b5c1557c52"
            ],
            "index": "pypi",
            "markers": "python_version >= '3.8'",
            "version": "==5.15.11"
        },
        "pyqt5-qt5": {
            "hashes": [
                "sha256:1988f364ec8caf87a6ee5d5a3a5210d57539988bf8e84714c7d60972692e2f4a",
                "sha256:750b78e4dba6bdf1607febedc08738e318ea09e9b10aea9ff0d73073f11f6962",
                "sha256:76980cd3d7ae87e3c7a33bfebfaee84448fd650bad6840471d6cae199b56e154",
                "sha256:9cc7a768b1921f4b982ebc00a318ccb38578e44e45316c7a4a850e953e1dd327"
            ],
            "version": "==5.15.2"
        },
        "pyqt5-sip": {
            "hashes": [
                "sha256:0b718a362f4392430903bbb2a4b9bbff9841a16a52f0cfdd5b5bbd9d11457980",
                "sha256:0c1c727ede7fdc464a1fe2e46109ba836509b2d7187a46fdeae443148ce51d1c",
                "sha256:0cd21c3215e3c47fdd5fa7a2dc3dd1e07a7230b0626e905a7217925068c788b9",
                "sha256:13f0c6a78e781255863e3e160304648efaf62276b7102741af637b63a6e96930",
                "sha256:24a1d4937332bf0a38dd95bb2ce4d89723df449f6e912b52ef0e107e11fefac1",
                "sha256:2575f428de584a12009fd29d00c89df16ed101a3b38beba818dfdcbc4a10709c",
                "sha256:749f7a3ffd6e3d2d5db65ed92c95cbd14490631595c61f0c0672c9238bfb17de",
                "sha256:7f88c85702dce80ac2e1a162054f688ed394811d6dd03a5574b3fa8111b0a6db",
                "sha256:83d247cdc43ef224410b14c97413067ea26356dfa39e9ed0fe702a31e25710b0",
                "sha256:852b75cf208825602480e95ab63314108f872d0da251e9ad3deaaff5a183a6f5",
                "sha256:855563d4d3b59ce7438bbf2dd32fed2707787defa40f3efe94f204a19ef92b25",
                "sha256:91b9538458a3a23e033c213bc879ce64f3d0a33d5a49cbd03e1e584efe307a35",
                "sha256:97f2d6e8d9b7b3d3e795d576d7f56e6257f524221f6383b33ded7287763e9f06",
                "sha256:b4adc529fa4ec05728e14ea55194d907cc51f18d6f2ac5cc9f6eb52ac038aa0f",
                "sha256:b58eeedc9b2a3037b136bf96915196c391a33be470ed1c0723d7163ef0b727a2",
                "sha256:c0c543d604116af26694a8a5ba90f510551ff9124d503ae5ee14bb73a61363a3",
                "sha256:c85be433fbafcb3d417581c0e1b67c8198d23858166e4f938e971c2262c13cdb",
                "sha256:d23fdfcf363b5cedd9d39f8a9c5710e7d52804f5b08a58e91c638b36eafcb702",
                "sha256:dd241de9c569c07bbba62bff1049996e5b52478164f61f430073a87bf6d26d33",
                "sha256:ed5221c6241981bd98d39504823efb9cbe36841bf8917288f8fe8fc1d5569a41",
                "sha256:f600ae6f03e4bff91153c0dc7ebe52f90bd2b6afda58fd580e6990b3b951adc0"
            ],
            "markers": "python_version >= '3.8'",
            "version": "==12.15.0"
        },
        "tqdm": {
            "hashes": [
                "sha256:b75ca56b413b030bc3f00af51fd2c1a1a5eac6a0c1cca83cbb37a5c52abce644",
                "sha256:e4d936c9de8727928f3be6079590e97d9abfe8d39a590be678eb5919ffc186bb"
            ],
            "index": "pypi",
            "markers": "python_version >= '3.7'",
            "version": "==4.66.4"
        },
        "wcwidth": {
            "hashes": [
                "sha256:3da69048e4540d84af32131829ff948f1e022c1c6bdb8d6102117aac784f6859",
                "sha256:72ea0c06399eb286d978fdedb6923a9eb47e1c486ce63e9b4e64fc18303972b5"
            ],
            "version": "==0.2.13"
        },
        "win32-setctime": {
            "hashes": [
                "sha256:15cf5750465118d6929ae4de4eb46e8edae9a5634350c01ba582df868e932cb2",
                "sha256:231db239e959c2fe7eb1d7dc129f11172354f98361c4fa2d6d2d7e278baa8aad"
            ],
            "markers": "sys_platform == 'win32'",
            "version": "==1.1.0"
        }
    },
    "develop": {
        "black": {
            "hashes": [
                "sha256:257d724c2c9b1660f353b36c802ccece186a30accc7742c176d29c146df6e474",
                "sha256:37aae07b029fa0174d39daf02748b379399b909652a806e5708199bd93899da1",
                "sha256:415e686e87dbbe6f4cd5ef0fbf764af7b89f9057b97c908742b6008cc554b9c0",
                "sha256:48a85f2cb5e6799a9ef05347b476cce6c182d6c71ee36925a6c194d074336ef8",
                "sha256:7768a0dbf16a39aa5e9a3ded568bb545c8c2727396d063bbaf847df05b08cd96",
                "sha256:7e122b1c4fb252fd85df3ca93578732b4749d9be076593076ef4d07a0233c3e1",
                "sha256:88c57dc656038f1ab9f92b3eb5335ee9b021412feaa46330d5eba4e51fe49b04",
                "sha256:8e537d281831ad0e71007dcdcbe50a71470b978c453fa41ce77186bbe0ed6021",
                "sha256:98e123f1d5cfd42f886624d84464f7756f60ff6eab89ae845210631714f6db94",
                "sha256:accf49e151c8ed2c0cdc528691838afd217c50412534e876a19270fea1e28e2d",
                "sha256:b1530ae42e9d6d5b670a34db49a94115a64596bc77710b1d05e9801e62ca0a7c",
                "sha256:b9176b9832e84308818a99a561e90aa479e73c523b3f77afd07913380ae2eab7",
                "sha256:bdde6f877a18f24844e381d45e9947a49e97933573ac9d4345399be37621e26c",
                "sha256:be8bef99eb46d5021bf053114442914baeb3649a89dc5f3a555c88737e5e98fc",
                "sha256:bf10f7310db693bb62692609b397e8d67257c55f949abde4c67f9cc574492cc7",
                "sha256:c872b53057f000085da66a19c55d68f6f8ddcac2642392ad3a355878406fbd4d",
                "sha256:d36ed1124bb81b32f8614555b34cc4259c3fbc7eec17870e8ff8ded335b58d8c",
                "sha256:da33a1a5e49c4122ccdfd56cd021ff1ebc4a1ec4e2d01594fef9b6f267a9e741",
                "sha256:dd1b5a14e417189db4c7b64a6540f31730713d173f0b63e55fabd52d61d8fdce",
                "sha256:e151054aa00bad1f4e1f04919542885f89f5f7d086b8a59e5000e6c616896ffb",
                "sha256:eaea3008c281f1038edb473c1aa8ed8143a5535ff18f978a318f10302b254063",
                "sha256:ef703f83fc32e131e9bcc0a5094cfe85599e7109f896fe8bc96cc402f3eb4b6e"
            ],
            "index": "pypi",
            "markers": "python_version >= '3.8'",
            "version": "==24.4.2"
        },
        "click": {
            "hashes": [
                "sha256:ae74fb96c20a0277a1d615f1e4d73c8414f5a98db8b799a7931d1582f3390c28",
                "sha256:ca9853ad459e787e2192211578cc907e7594e294c7ccc834310722b41b9ca6de"
            ],
            "markers": "python_version >= '3.7'",
            "version": "==8.1.7"
        },
        "colorama": {
            "hashes": [
                "sha256:08695f5cb7ed6e0531a20572697297273c47b8cae5a63ffc6d6ed5c201be6e44",
                "sha256:4f1d9991f5acc0ca119f9d443620b77f9d6b33703e51011c16baf57afb285fc6"
            ],
            "markers": "platform_system == 'Windows'",
            "version": "==0.4.6"
        },
        "mypy": {
            "hashes": [
                "sha256:0bea2a0e71c2a375c9fa0ede3d98324214d67b3cbbfcbd55ac8f750f85a414e3",
                "sha256:104e9c1620c2675420abd1f6c44bab7dd33cc85aea751c985006e83dcd001095",
                "sha256:14f9294528b5f5cf96c721f231c9f5b2733164e02c1c018ed1a0eff8a18005ac",
                "sha256:1a5d8d8dd8613a3e2be3eae829ee891b6b2de6302f24766ff06cb2875f5be9c6",
                "sha256:1d44c1e44a8be986b54b09f15f2c1a66368eb43861b4e82573026e04c48a9e20",
                "sha256:25bcfa75b9b5a5f8d67147a54ea97ed63a653995a82798221cca2a315c0238c1",
                "sha256:35ce88b8ed3a759634cb4eb646d002c4cef0a38f20565ee82b5023558eb90c00",
                "sha256:56913ec8c7638b0091ef4da6fcc9136896914a9d60d54670a75880c3e5b99ace",
                "sha256:65f190a6349dec29c8d1a1cd4aa71284177aee5949e0502e6379b42873eddbe7",
                "sha256:6801319fe76c3f3a3833f2b5af7bd2c17bb93c00026a2a1b924e6762f5b19e13",
                "sha256:72596a79bbfb195fd41405cffa18210af3811beb91ff946dbcb7368240eed6be",
                "sha256:93743608c7348772fdc717af4aeee1997293a1ad04bc0ea6efa15bf65385c538",
                "sha256:940bfff7283c267ae6522ef926a7887305945f716a7704d3344d6d07f02df850",
                "sha256:96f8dbc2c85046c81bcddc246232d500ad729cb720da4e20fce3b542cab91287",
                "sha256:98790025861cb2c3db8c2f5ad10fc8c336ed2a55f4daf1b8b3f877826b6ff2eb",
                "sha256:a3824187c99b893f90c845bab405a585d1ced4ff55421fdf5c84cb7710995229",
                "sha256:a83ec98ae12d51c252be61521aa5731f5512231d0b738b4cb2498344f0b840cd",
                "sha256:becc9111ca572b04e7e77131bc708480cc88a911adf3d0239f974c034b78085c",
                "sha256:c1a184c64521dc549324ec6ef7cbaa6b351912be9cb5edb803c2808a0d7e85ac",
                "sha256:c7b73a856522417beb78e0fb6d33ef89474e7a622db2653bc1285af36e2e3e3d",
                "sha256:cea3d0fb69637944dd321f41bc896e11d0fb0b0aa531d887a6da70f6e7473aba",
                "sha256:d2b3d36baac48e40e3064d2901f2fbd2a2d6880ec6ce6358825c85031d7c0d4d",
                "sha256:d7b54c27783991399046837df5c7c9d325d921394757d09dbcbf96aee4649fe9",
                "sha256:d8e2e43977f0e09f149ea69fd0556623919f816764e26d74da0c8a7b48f3e18a",
                "sha256:dbe286303241fea8c2ea5466f6e0e6a046a135a7e7609167b07fd4e7baf151bf",
                "sha256:f006e955718ecd8d159cee9932b64fba8f86ee6f7728ca3ac66c3a54b0062abe",
                "sha256:f2268d9fcd9686b61ab64f077be7ffbc6fbcdfb4103e5dd0cc5eaab53a8886c2"
            ],
            "index": "pypi",
            "markers": "python_version >= '3.8'",
            "version": "==1.11.0"
        },
        "mypy-extensions": {
            "hashes": [
                "sha256:4392f6c0eb8a5668a69e23d168ffa70f0be9ccfd32b5cc2d26a34ae5b844552d",
                "sha256:75dbf8955dc00442a438fc4d0666508a9a97b6bd41aa2f0ffe9d2f2725af0782"
            ],
            "markers": "python_version >= '3.5'",
            "version": "==1.0.0"
        },
        "packaging": {
            "hashes": [
                "sha256:026ed72c8ed3fcce5bf8950572258698927fd1dbda10a5e981cdf0ac37f4f002",
                "sha256:5b8f2217dbdbd2f7f384c41c628544e6d52f2d0f53c6d0c3ea61aa5d1d7ff124"
            ],
            "markers": "python_version >= '3.8'",
            "version": "==24.1"
        },
        "pathspec": {
            "hashes": [
                "sha256:a0d503e138a4c123b27490a4f7beda6a01c6f288df0e4a8b79c7eb0dc7b4cc08",
                "sha256:a482d51503a1ab33b1c67a6c3813a26953dbdc71c31dacaef9a838c4e29f5712"
            ],
            "markers": "python_version >= '3.8'",
            "version": "==0.12.1"
        },
        "platformdirs": {
            "hashes": [
                "sha256:2d7a1657e36a80ea911db832a8a6ece5ee53d8de21edd5cc5879af6530b1bfee",
                "sha256:38b7b51f512eed9e84a22788b4bce1de17c0adb134d6becb09836e37d8654cd3"
            ],
            "markers": "python_version >= '3.8'",
            "version": "==4.2.2"
        },
        "tomli": {
            "hashes": [
                "sha256:939de3e7a6161af0c887ef91b7d41a53e7c5a1ca976325f429cb46ea9bc30ecc",
                "sha256:de526c12914f0c550d15924c62d72abc48d6fe7364aa87328337a31007fe8a4f"
            ],
            "markers": "python_version < '3.11'",
            "version": "==2.0.1"
        },
        "typing-extensions": {
            "hashes": [
                "sha256:04e5ca0351e0f3f85c6853954072df659d0d13fac324d0072316b67d7794700d",
                "sha256:1a7ead55c7e559dd4dee8856e3a88b41225abfe1ce8df57b7c13915fe121ffb8"
            ],
            "markers": "python_version < '3.11'",
            "version": "==4.12.2"
        }
    }
}
